
Microsoft Visual Studio Solution File, Format Version 12.00
# Visual Studio 15
VisualStudioVersion = 15.0.28307.902
MinimumVisualStudioVersion = 10.0.40219.1
Project("{FAE04EC0-301F-11D3-BF4B-00C04F79EFBC}") = "Utilities", "Utilities\Utilities.csproj", "{9A24A90D-4A2E-4D15-B88A-3A9A7F34EBB6}"
EndProject
Project("{FAE04EC0-301F-11D3-BF4B-00C04F79EFBC}") = "TestUtilities", "TestUtilities\TestUtilities.csproj", "{2A1CE190-9965-4C6F-914E-5CCABFABEF4C}"
EndProject
Global
	GlobalSection(SolutionConfigurationPlatforms) = preSolution
		Debug|Any CPU = Debug|Any CPU
		Release|Any CPU = Release|Any CPU
	EndGlobalSection
	GlobalSection(ProjectConfigurationPlatforms) = postSolution
		{9A24A90D-4A2E-4D15-B88A-3A9A7F34EBB6}.Debug|Any CPU.ActiveCfg = Debug|Any CPU
		{9A24A90D-4A2E-4D15-B88A-3A9A7F34EBB6}.Debug|Any CPU.Build.0 = Debug|Any CPU
		{9A24A90D-4A2E-4D15-B88A-3A9A7F34EBB6}.Release|Any CPU.ActiveCfg = Release|Any CPU
		{9A24A90D-4A2E-4D15-B88A-3A9A7F34EBB6}.Release|Any CPU.Build.0 = Release|Any CPU
		{2A1CE190-9965-4C6F-914E-5CCABFABEF4C}.Debug|Any CPU.ActiveCfg = Debug|Any CPU
		{2A1CE190-9965-4C6F-914E-5CCABFABEF4C}.Debug|Any CPU.Build.0 = Debug|Any CPU
		{2A1CE190-9965-4C6F-914E-5CCABFABEF4C}.Release|Any CPU.ActiveCfg = Release|Any CPU
		{2A1CE190-9965-4C6F-914E-5CCABFABEF4C}.Release|Any CPU.Build.0 = Release|Any CPU
	EndGlobalSection
	GlobalSection(SolutionProperties) = preSolution
		HideSolutionNode = FALSE
	EndGlobalSection
	GlobalSection(ExtensibilityGlobals) = postSolution
		SolutionGuid = {DC3060EA-BCB2-41C0-8561-13A668CC15B5}
	EndGlobalSection
EndGlobal
